
Microsoft Visual Studio Solution File, Format Version 12.00
# Visual Studio Version 17
VisualStudioVersion = 17.5.33530.505
MinimumVisualStudioVersion = 10.0.40219.1
Project("{9A19103F-16F7-4668-BE54-9A1E7A4F7556}") = "BitirmeProjesi", "src\BitirmeProjesi\BitirmeProjesi.csproj", "{BDD88838-D63A-4C7A-A5D2-CDF270D8C117}"
EndProject
Global
	GlobalSection(SolutionConfigurationPlatforms) = preSolution
		Debug|Any CPU = Debug|Any CPU
		Release|Any CPU = Release|Any CPU
	EndGlobalSection
	GlobalSection(ProjectConfigurationPlatforms) = postSolution
		{BDD88838-D63A-4C7A-A5D2-CDF270D8C117}.Debug|Any CPU.ActiveCfg = Debug|Any CPU
		{BDD88838-D63A-4C7A-A5D2-CDF270D8C117}.Debug|Any CPU.Build.0 = Debug|Any CPU
		{BDD88838-D63A-4C7A-A5D2-CDF270D8C117}.Release|Any CPU.ActiveCfg = Release|Any CPU
		{BDD88838-D63A-4C7A-A5D2-CDF270D8C117}.Release|Any CPU.Build.0 = Release|Any CPU
	EndGlobalSection
	GlobalSection(SolutionProperties) = preSolution
		HideSolutionNode = FALSE
	EndGlobalSection
	GlobalSection(ExtensibilityGlobals) = postSolution
		SolutionGuid = {245FAB21-7C9B-45D4-8EFA-3B9E3983B44A}
	EndGlobalSection
EndGlobal
